// !$*UTF8*$!
{
	archiveVersion = 1;
	classes = {
	};
	objectVersion = 46;
	objects = {

/* Begin PBXBuildFile section */
		E90E5A351ADDA87F00B0F285 /* main.m in Sources */ = {isa = PBXBuildFile; fileRef = E90E5A341ADDA87F00B0F285 /* main.m */; };
		E90E5A381ADDA87F00B0F285 /* AppDelegate.m in Sources */ = {isa = PBXBuildFile; fileRef = E90E5A371ADDA87F00B0F285 /* AppDelegate.m */; };
		E90E5A3E1ADDA87F00B0F285 /* Main.storyboard in Resources */ = {isa = PBXBuildFile; fileRef = E90E5A3C1ADDA87F00B0F285 /* Main.storyboard */; };
		E90E5A401ADDA87F00B0F285 /* Images.xcassets in Resources */ = {isa = PBXBuildFile; fileRef = E90E5A3F1ADDA87F00B0F285 /* Images.xcassets */; };
		E90E5A431ADDA87F00B0F285 /* LaunchScreen.xib in Resources */ = {isa = PBXBuildFile; fileRef = E90E5A411ADDA87F00B0F285 /* LaunchScreen.xib */; };
		E90E5A4F1ADDA87F00B0F285 /* CustomTableTests.m in Sources */ = {isa = PBXBuildFile; fileRef = E90E5A4E1ADDA87F00B0F285 /* CustomTableTests.m */; };
		E90E5A5E1ADDACC800B0F285 /* CustomTableViewController.m in Sources */ = {isa = PBXBuildFile; fileRef = E90E5A5D1ADDACC800B0F285 /* CustomTableViewController.m */; };
		E90E5A611ADDB69700B0F285 /* CustomTableViewCell.m in Sources */ = {isa = PBXBuildFile; fileRef = E90E5A601ADDB69700B0F285 /* CustomTableViewCell.m */; };
		E9848ED91AE58AFF003A8D35 /* Recipe.m in Sources */ = {isa = PBXBuildFile; fileRef = E9848ED81AE58AFF003A8D35 /* Recipe.m */; };
		E9848F4F1AE6E341003A8D35 /* DetailViewController.m in Sources */ = {isa = PBXBuildFile; fileRef = E9848F4E1AE6E341003A8D35 /* DetailViewController.m */; };
/* End PBXBuildFile section */

/* Begin PBXContainerItemProxy section */
		E90E5A491ADDA87F00B0F285 /* PBXContainerItemProxy */ = {
			isa = PBXContainerItemProxy;
			containerPortal = E90E5A271ADDA87F00B0F285 /* Project object */;
			proxyType = 1;
			remoteGlobalIDString = E90E5A2E1ADDA87F00B0F285;
			remoteInfo = CustomTable;
		};
/* End PBXContainerItemProxy section */

/* Begin PBXFileReference section */
		E90E5A2F1ADDA87F00B0F285 /* CustomTable.app */ = {isa = PBXFileReference; explicitFileType = wrapper.application; includeInIndex = 0; path = CustomTable.app; sourceTree = BUILT_PRODUCTS_DIR; };
		E90E5A331ADDA87F00B0F285 /* Info.plist */ = {isa = PBXFileReference; lastKnownFileType = text.plist.xml; path = Info.plist; sourceTree = "<group>"; };
		E90E5A341ADDA87F00B0F285 /* main.m */ = {isa = PBXFileReference; lastKnownFileType = sourcecode.c.objc; path = main.m; sourceTree = "<group>"; };
		E90E5A361ADDA87F00B0F285 /* AppDelegate.h */ = {isa = PBXFileReference; lastKnownFileType = sourcecode.c.h; path = AppDelegate.h; sourceTree = "<group>"; };
		E90E5A371ADDA87F00B0F285 /* AppDelegate.m */ = {isa = PBXFileReference; lastKnownFileType = sourcecode.c.objc; path = AppDelegate.m; sourceTree = "<group>"; };
		E90E5A3D1ADDA87F00B0F285 /* Base */ = {isa = PBXFileReference; lastKnownFileType = file.storyboard; name = Base; path = Base.lproj/Main.storyboard; sourceTree = "<group>"; };
		E90E5A3F1ADDA87F00B0F285 /* Images.xcassets */ = {isa = PBXFileReference; lastKnownFileType = folder.assetcatalog; path = Images.xcassets; sourceTree = "<group>"; };
		E90E5A421ADDA87F00B0F285 /* Base */ = {isa = PBXFileReference; lastKnownFileType = file.xib; name = Base; path = Base.lproj/LaunchScreen.xib; sourceTree = "<group>"; };
		E90E5A481ADDA87F00B0F285 /* CustomTableTests.xctest */ = {isa = PBXFileReference; explicitFileType = wrapper.cfbundle; includeInIndex = 0; path = CustomTableTests.xctest; sourceTree = BUILT_PRODUCTS_DIR; };
		E90E5A4D1ADDA87F00B0F285 /* Info.plist */ = {isa = PBXFileReference; lastKnownFileType = text.plist.xml; path = Info.plist; sourceTree = "<group>"; };
		E90E5A4E1ADDA87F00B0F285 /* CustomTableTests.m */ = {isa = PBXFileReference; lastKnownFileType = sourcecode.c.objc; path = CustomTableTests.m; sourceTree = "<group>"; };
		E90E5A5C1ADDACC800B0F285 /* CustomTableViewController.h */ = {isa = PBXFileReference; fileEncoding = 4; lastKnownFileType = sourcecode.c.h; name = CustomTableViewController.h; path = ../CustomTable/CustomTableViewController.h; sourceTree = "<group>"; };
		E90E5A5D1ADDACC800B0F285 /* CustomTableViewController.m */ = {isa = PBXFileReference; fileEncoding = 4; lastKnownFileType = sourcecode.c.objc; name = CustomTableViewController.m; path = ../CustomTable/CustomTableViewController.m; sourceTree = "<group>"; };
		E90E5A5F1ADDB69700B0F285 /* CustomTableViewCell.h */ = {isa = PBXFileReference; fileEncoding = 4; lastKnownFileType = sourcecode.c.h; path = CustomTableViewCell.h; sourceTree = "<group>"; };
		E90E5A601ADDB69700B0F285 /* CustomTableViewCell.m */ = {isa = PBXFileReference; fileEncoding = 4; lastKnownFileType = sourcecode.c.objc; path = CustomTableViewCell.m; sourceTree = "<group>"; };
		E9848ED71AE58AFF003A8D35 /* Recipe.h */ = {isa = PBXFileReference; fileEncoding = 4; lastKnownFileType = sourcecode.c.h; path = Recipe.h; sourceTree = "<group>"; };
		E9848ED81AE58AFF003A8D35 /* Recipe.m */ = {isa = PBXFileReference; fileEncoding = 4; lastKnownFileType = sourcecode.c.objc; path = Recipe.m; sourceTree = "<group>"; };
		E9848F4D1AE6E341003A8D35 /* DetailViewController.h */ = {isa = PBXFileReference; fileEncoding = 4; lastKnownFileType = sourcecode.c.h; name = DetailViewController.h; path = CustomTable/DetailViewController.h; sourceTree = "<group>"; };
		E9848F4E1AE6E341003A8D35 /* DetailViewController.m */ = {isa = PBXFileReference; fileEncoding = 4; lastKnownFileType = sourcecode.c.objc; name = DetailViewController.m; path = CustomTable/DetailViewController.m; sourceTree = "<group>"; };
/* End PBXFileReference section */

/* Begin PBXFrameworksBuildPhase section */
		E90E5A2C1ADDA87F00B0F285 /* Frameworks */ = {
			isa = PBXFrameworksBuildPhase;
			buildActionMask = 2147483647;
			files = (
			);
			runOnlyForDeploymentPostprocessing = 0;
		};
		E90E5A451ADDA87F00B0F285 /* Frameworks */ = {
			isa = PBXFrameworksBuildPhase;
			buildActionMask = 2147483647;
			files = (
			);
			runOnlyForDeploymentPostprocessing = 0;
		};
/* End PBXFrameworksBuildPhase section */

/* Begin PBXGroup section */
		E90E5A261ADDA87F00B0F285 = {
			isa = PBXGroup;
			children = (
				E9848F4C1AE6E29B003A8D35 /* DetailViewController */,
				E90E5A5A1ADDA90200B0F285 /* CustomTableViewControllers */,
				E90E5A311ADDA87F00B0F285 /* CustomTable */,
				E90E5A4B1ADDA87F00B0F285 /* CustomTableTests */,
				E90E5A301ADDA87F00B0F285 /* Products */,
			);
			sourceTree = "<group>";
		};
		E90E5A301ADDA87F00B0F285 /* Products */ = {
			isa = PBXGroup;
			children = (
				E90E5A2F1ADDA87F00B0F285 /* CustomTable.app */,
				E90E5A481ADDA87F00B0F285 /* CustomTableTests.xctest */,
			);
			name = Products;
			sourceTree = "<group>";
		};
		E90E5A311ADDA87F00B0F285 /* CustomTable */ = {
			isa = PBXGroup;
			children = (
				E90E5A361ADDA87F00B0F285 /* AppDelegate.h */,
				E90E5A371ADDA87F00B0F285 /* AppDelegate.m */,
				E90E5A3C1ADDA87F00B0F285 /* Main.storyboard */,
				E90E5A5F1ADDB69700B0F285 /* CustomTableViewCell.h */,
				E90E5A601ADDB69700B0F285 /* CustomTableViewCell.m */,
				E90E5A3F1ADDA87F00B0F285 /* Images.xcassets */,
				E90E5A411ADDA87F00B0F285 /* LaunchScreen.xib */,
				E90E5A321ADDA87F00B0F285 /* Supporting Files */,
			);
			path = CustomTable;
			sourceTree = "<group>";
		};
		E90E5A321ADDA87F00B0F285 /* Supporting Files */ = {
			isa = PBXGroup;
			children = (
				E90E5A331ADDA87F00B0F285 /* Info.plist */,
				E90E5A341ADDA87F00B0F285 /* main.m */,
			);
			name = "Supporting Files";
			sourceTree = "<group>";
		};
		E90E5A4B1ADDA87F00B0F285 /* CustomTableTests */ = {
			isa = PBXGroup;
			children = (
				E90E5A4E1ADDA87F00B0F285 /* CustomTableTests.m */,
				E90E5A4C1ADDA87F00B0F285 /* Supporting Files */,
			);
			path = CustomTableTests;
			sourceTree = "<group>";
		};
		E90E5A4C1ADDA87F00B0F285 /* Supporting Files */ = {
			isa = PBXGroup;
			children = (
				E90E5A4D1ADDA87F00B0F285 /* Info.plist */,
			);
			name = "Supporting Files";
			sourceTree = "<group>";
		};
		E90E5A5A1ADDA90200B0F285 /* CustomTableViewControllers */ = {
			isa = PBXGroup;
			children = (
				E90E5A5C1ADDACC800B0F285 /* CustomTableViewController.h */,
				E90E5A5D1ADDACC800B0F285 /* CustomTableViewController.m */,
				E9848EDA1AE58C37003A8D35 /* Model */,
			);
			name = CustomTableViewControllers;
			path = CustomTable.xcodeproj;
			sourceTree = "<group>";
		};
		E9848EDA1AE58C37003A8D35 /* Model */ = {
			isa = PBXGroup;
			children = (
				E9848ED71AE58AFF003A8D35 /* Recipe.h */,
				E9848ED81AE58AFF003A8D35 /* Recipe.m */,
			);
			name = Model;
			sourceTree = "<group>";
		};
		E9848F4C1AE6E29B003A8D35 /* DetailViewController */ = {
			isa = PBXGroup;
			children = (
				E9848F4D1AE6E341003A8D35 /* DetailViewController.h */,
				E9848F4E1AE6E341003A8D35 /* DetailViewController.m */,
			);
			name = DetailViewController;
			sourceTree = "<group>";
		};
/* End PBXGroup section */

/* Begin PBXNativeTarget section */
		E90E5A2E1ADDA87F00B0F285 /* CustomTable */ = {
			isa = PBXNativeTarget;
			buildConfigurationList = E90E5A521ADDA87F00B0F285 /* Build configuration list for PBXNativeTarget "CustomTable" */;
			buildPhases = (
				E90E5A2B1ADDA87F00B0F285 /* Sources */,
				E90E5A2C1ADDA87F00B0F285 /* Frameworks */,
				E90E5A2D1ADDA87F00B0F285 /* Resources */,
			);
			buildRules = (
			);
			dependencies = (
			);
			name = CustomTable;
			productName = CustomTable;
			productReference = E90E5A2F1ADDA87F00B0F285 /* CustomTable.app */;
			productType = "com.apple.product-type.application";
		};
		E90E5A471ADDA87F00B0F285 /* CustomTableTests */ = {
			isa = PBXNativeTarget;
			buildConfigurationList = E90E5A551ADDA87F00B0F285 /* Build configuration list for PBXNativeTarget "CustomTableTests" */;
			buildPhases = (
				E90E5A441ADDA87F00B0F285 /* Sources */,
				E90E5A451ADDA87F00B0F285 /* Frameworks */,
				E90E5A461ADDA87F00B0F285 /* Resources */,
			);
			buildRules = (
			);
			dependencies = (
				E90E5A4A1ADDA87F00B0F285 /* PBXTargetDependency */,
			);
			name = CustomTableTests;
			productName = CustomTableTests;
			productReference = E90E5A481ADDA87F00B0F285 /* CustomTableTests.xctest */;
			productType = "com.apple.product-type.bundle.unit-test";
		};
/* End PBXNativeTarget section */

/* Begin PBXProject section */
		E90E5A271ADDA87F00B0F285 /* Project object */ = {
			isa = PBXProject;
			attributes = {
				LastUpgradeCheck = 0630;
				ORGANIZATIONNAME = "Hemant V. Torsekar";
				TargetAttributes = {
					E90E5A2E1ADDA87F00B0F285 = {
						CreatedOnToolsVersion = 6.3;
					};
					E90E5A471ADDA87F00B0F285 = {
						CreatedOnToolsVersion = 6.3;
						TestTargetID = E90E5A2E1ADDA87F00B0F285;
					};
				};
			};
			buildConfigurationList = E90E5A2A1ADDA87F00B0F285 /* Build configuration list for PBXProject "CustomTable" */;
			compatibilityVersion = "Xcode 3.2";
			developmentRegion = English;
			hasScannedForEncodings = 0;
			knownRegions = (
				en,
				Base,
			);
			mainGroup = E90E5A261ADDA87F00B0F285;
			productRefGroup = E90E5A301ADDA87F00B0F285 /* Products */;
			projectDirPath = "";
			projectRoot = "";
			targets = (
				E90E5A2E1ADDA87F00B0F285 /* CustomTable */,
				E90E5A471ADDA87F00B0F285 /* CustomTableTests */,
			);
		};
/* End PBXProject section */

/* Begin PBXResourcesBuildPhase section */
		E90E5A2D1ADDA87F00B0F285 /* Resources */ = {
			isa = PBXResourcesBuildPhase;
			buildActionMask = 2147483647;
			files = (
				E90E5A3E1ADDA87F00B0F285 /* Main.storyboard in Resources */,
				E90E5A431ADDA87F00B0F285 /* LaunchScreen.xib in Resources */,
				E90E5A401ADDA87F00B0F285 /* Images.xcassets in Resources */,
			);
			runOnlyForDeploymentPostprocessing = 0;
		};
		E90E5A461ADDA87F00B0F285 /* Resources */ = {
			isa = PBXResourcesBuildPhase;
			buildActionMask = 2147483647;
			files = (
			);
			runOnlyForDeploymentPostprocessing = 0;
		};
/* End PBXResourcesBuildPhase section */

/* Begin PBXSourcesBuildPhase section */
		E90E5A2B1ADDA87F00B0F285 /* Sources */ = {
			isa = PBXSourcesBuildPhase;
			buildActionMask = 2147483647;
			files = (
				E90E5A381ADDA87F00B0F285 /* AppDelegate.m in Sources */,
				E9848ED91AE58AFF003A8D35 /* Recipe.m in Sources */,
				E90E5A5E1ADDACC800B0F285 /* CustomTableViewController.m in Sources */,
				E90E5A611ADDB69700B0F285 /* CustomTableViewCell.m in Sources */,
				E90E5A351ADDA87F00B0F285 /* main.m in Sources */,
				E9848F4F1AE6E341003A8D35 /* DetailViewController.m in Sources */,
			);
			runOnlyForDeploymentPostprocessing = 0;
		};
		E90E5A441ADDA87F00B0F285 /* Sources */ = {
			isa = PBXSourcesBuildPhase;
			buildActionMask = 2147483647;
			files = (
				E90E5A4F1ADDA87F00B0F285 /* CustomTableTests.m in Sources */,
			);
			runOnlyForDeploymentPostprocessing = 0;
		};
/* End PBXSourcesBuildPhase section */

/* Begin PBXTargetDependency section */
		E90E5A4A1ADDA87F00B0F285 /* PBXTargetDependency */ = {
			isa = PBXTargetDependency;
			target = E90E5A2E1ADDA87F00B0F285 /* CustomTable */;
			targetProxy = E90E5A491ADDA87F00B0F285 /* PBXContainerItemProxy */;
		};
/* End PBXTargetDependency section */

/* Begin PBXVariantGroup section */
		E90E5A3C1ADDA87F00B0F285 /* Main.storyboard */ = {
			isa = PBXVariantGroup;
			children = (
				E90E5A3D1ADDA87F00B0F285 /* Base */,
			);
			name = Main.storyboard;
			sourceTree = "<group>";
		};
		E90E5A411ADDA87F00B0F285 /* LaunchScreen.xib */ = {
			isa = PBXVariantGroup;
			children = (
				E90E5A421ADDA87F00B0F285 /* Base */,
			);
			name = LaunchScreen.xib;
			sourceTree = "<group>";
		};
/* End PBXVariantGroup section */

/* Begin XCBuildConfiguration section */
		E90E5A501ADDA87F00B0F285 /* Debug */ = {
			isa = XCBuildConfiguration;
			buildSettings = {
				ALWAYS_SEARCH_USER_PATHS = NO;
				CLANG_CXX_LANGUAGE_STANDARD = "gnu++0x";
				CLANG_CXX_LIBRARY = "libc++";
				CLANG_ENABLE_MODULES = YES;
				CLANG_ENABLE_OBJC_ARC = YES;
				CLANG_WARN_BOOL_CONVERSION = YES;
				CLANG_WARN_CONSTANT_CONVERSION = YES;
				CLANG_WARN_DIRECT_OBJC_ISA_USAGE = YES_ERROR;
				CLANG_WARN_EMPTY_BODY = YES;
				CLANG_WARN_ENUM_CONVERSION = YES;
				CLANG_WARN_INT_CONVERSION = YES;
				CLANG_WARN_OBJC_ROOT_CLASS = YES_ERROR;
				CLANG_WARN_UNREACHABLE_CODE = YES;
				CLANG_WARN__DUPLICATE_METHOD_MATCH = YES;
				"CODE_SIGN_IDENTITY[sdk=iphoneos*]" = "iPhone Developer";
				COPY_PHASE_STRIP = NO;
				DEBUG_INFORMATION_FORMAT = "dwarf-with-dsym";
				ENABLE_STRICT_OBJC_MSGSEND = YES;
				GCC_C_LANGUAGE_STANDARD = gnu99;
				GCC_DYNAMIC_NO_PIC = NO;
				GCC_NO_COMMON_BLOCKS = YES;
				GCC_OPTIMIZATION_LEVEL = 0;
				GCC_PREPROCESSOR_DEFINITIONS = (
					"DEBUG=1",
					"$(inherited)",
				);
				GCC_SYMBOLS_PRIVATE_EXTERN = NO;
				GCC_WARN_64_TO_32_BIT_CONVERSION = YES;
				GCC_WARN_ABOUT_RETURN_TYPE = YES_ERROR;
				GCC_WARN_UNDECLARED_SELECTOR = YES;
				GCC_WARN_UNINITIALIZED_AUTOS = YES_AGGRESSIVE;
				GCC_WARN_UNUSED_FUNCTION = YES;
				GCC_WARN_UNUSED_VARIABLE = YES;
				IPHONEOS_DEPLOYMENT_TARGET = 8.3;
				MTL_ENABLE_DEBUG_INFO = YES;
				ONLY_ACTIVE_ARCH = YES;
				SDKROOT = iphoneos;
			};
			name = Debug;
		};
		E90E5A511ADDA87F00B0F285 /* Release */ = {
			isa = XCBuildConfiguration;
			buildSettings = {
				ALWAYS_SEARCH_USER_PATHS = NO;
				CLANG_CXX_LANGUAGE_STANDARD = "gnu++0x";
				CLANG_CXX_LIBRARY = "libc++";
				CLANG_ENABLE_MODULES = YES;
				CLANG_ENABLE_OBJC_ARC = YES;
				CLANG_WARN_BOOL_CONVERSION = YES;
				CLANG_WARN_CONSTANT_CONVERSION = YES;
				CLANG_WARN_DIRECT_OBJC_ISA_USAGE = YES_ERROR;
				CLANG_WARN_EMPTY_BODY = YES;
				CLANG_WARN_ENUM_CONVERSION = YES;
				CLANG_WARN_INT_CONVERSION = YES;
				CLANG_WARN_OBJC_ROOT_CLASS = YES_ERROR;
				CLANG_WARN_UNREACHABLE_CODE = YES;
				CLANG_WARN__DUPLICATE_METHOD_MATCH = YES;
				"CODE_SIGN_IDENTITY[sdk=iphoneos*]" = "iPhone Developer";
				COPY_PHASE_STRIP = NO;
				DEBUG_INFORMATION_FORMAT = "dwarf-with-dsym";
				ENABLE_NS_ASSERTIONS = NO;
				ENABLE_STRICT_OBJC_MSGSEND = YES;
				GCC_C_LANGUAGE_STANDARD = gnu99;
				GCC_NO_COMMON_BLOCKS = YES;
				GCC_WARN_64_TO_32_BIT_CONVERSION = YES;
				GCC_WARN_ABOUT_RETURN_TYPE = YES_ERROR;
				GCC_WARN_UNDECLARED_SELECTOR = YES;
				GCC_WARN_UNINITIALIZED_AUTOS = YES_AGGRESSIVE;
				GCC_WARN_UNUSED_FUNCTION = YES;
				GCC_WARN_UNUSED_VARIABLE = YES;
				IPHONEOS_DEPLOYMENT_TARGET = 8.3;
				MTL_ENABLE_DEBUG_INFO = NO;
				SDKROOT = iphoneos;
				VALIDATE_PRODUCT = YES;
			};
			name = Release;
		};
		E90E5A531ADDA87F00B0F285 /* Debug */ = {
			isa = XCBuildConfiguration;
			buildSettings = {
				ASSETCATALOG_COMPILER_APPICON_NAME = AppIcon;
				ASSETCATALOG_COMPILER_LAUNCHIMAGE_NAME = LaunchImage;
				INFOPLIST_FILE = CustomTable/Info.plist;
				LD_RUNPATH_SEARCH_PATHS = "$(inherited) @executable_path/Frameworks";
				PRODUCT_NAME = "$(TARGET_NAME)";
			};
			name = Debug;
		};
		E90E5A541ADDA87F00B0F285 /* Release */ = {
			isa = XCBuildConfiguration;
			buildSettings = {
				ASSETCATALOG_COMPILER_APPICON_NAME = AppIcon;
				ASSETCATALOG_COMPILER_LAUNCHIMAGE_NAME = LaunchImage;
				INFOPLIST_FILE = CustomTable/Info.plist;
				LD_RUNPATH_SEARCH_PATHS = "$(inherited) @executable_path/Frameworks";
				PRODUCT_NAME = "$(TARGET_NAME)";
			};
			name = Release;
		};
		E90E5A561ADDA87F00B0F285 /* Debug */ = {
			isa = XCBuildConfiguration;
			buildSettings = {
				BUNDLE_LOADER = "$(TEST_HOST)";
				FRAMEWORK_SEARCH_PATHS = (
					"$(SDKROOT)/Developer/Library/Frameworks",
					"$(inherited)",
				);
				GCC_PREPROCESSOR_DEFINITIONS = (
					"DEBUG=1",
					"$(inherited)",
				);
				INFOPLIST_FILE = CustomTableTests/Info.plist;
				LD_RUNPATH_SEARCH_PATHS = "$(inherited) @executable_path/Frameworks @loader_path/Frameworks";
				PRODUCT_NAME = "$(TARGET_NAME)";
				TEST_HOST = "$(BUILT_PRODUCTS_DIR)/CustomTable.app/CustomTable";
			};
			name = Debug;
		};
		E90E5A571ADDA87F00B0F285 /* Release */ = {
			isa = XCBuildConfiguration;
			buildSettings = {
				BUNDLE_LOADER = "$(TEST_HOST)";
				FRAMEWORK_SEARCH_PATHS = (
					"$(SDKROOT)/Developer/Library/Frameworks",
					"$(inherited)",
				);
				INFOPLIST_FILE = CustomTableTests/Info.plist;
				LD_RUNPATH_SEARCH_PATHS = "$(inherited) @executable_path/Frameworks @loader_path/Frameworks";
				PRODUCT_NAME = "$(TARGET_NAME)";
				TEST_HOST = "$(BUILT_PRODUCTS_DIR)/CustomTable.app/CustomTable";
			};
			name = Release;
		};
/* End XCBuildConfiguration section */

/* Begin XCConfigurationList section */
		E90E5A2A1ADDA87F00B0F285 /* Build configuration list for PBXProject "CustomTable" */ = {
			isa = XCConfigurationList;
			buildConfigurations = (
				E90E5A501ADDA87F00B0F285 /* Debug */,
				E90E5A511ADDA87F00B0F285 /* Release */,
			);
			defaultConfigurationIsVisible = 0;
			defaultConfigurationName = Release;
		};
		E90E5A521ADDA87F00B0F285 /* Build configuration list for PBXNativeTarget "CustomTable" */ = {
			isa = XCConfigurationList;
			buildConfigurations = (
				E90E5A531ADDA87F00B0F285 /* Debug */,
				E90E5A541ADDA87F00B0F285 /* Release */,
			);
			defaultConfigurationIsVisible = 0;
			defaultConfigurationName = Release;
		};
		E90E5A551ADDA87F00B0F285 /* Build configuration list for PBXNativeTarget "CustomTableTests" */ = {
			isa = XCConfigurationList;
			buildConfigurations = (
				E90E5A561ADDA87F00B0F285 /* Debug */,
				E90E5A571ADDA87F00B0F285 /* Release */,
			);
			defaultConfigurationIsVisible = 0;
			defaultConfigurationName = Release;
		};
/* End XCConfigurationList section */
	};
	rootObject = E90E5A271ADDA87F00B0F285 /* Project object */;
}
